// !$*UTF8*$!
{
	archiveVersion = 1;
	classes = {
	};
	objectVersion = 55;
	objects = {

/* Begin PBXBuildFile section */
		9C4214D02BB4CCB100084507 /* NewsWebsiteViewController.swift in Sources */ = {isa = PBXBuildFile; fileRef = 9C4214CF2BB4CCB100084507 /* NewsWebsiteViewController.swift */; };
		9C4214D32BB4E69000084507 /* SavedNewsViewController.swift in Sources */ = {isa = PBXBuildFile; fileRef = 9C4214D22BB4E69000084507 /* SavedNewsViewController.swift */; };
		9C4214D52BB4E6AA00084507 /* SavedNews.storyboard in Resources */ = {isa = PBXBuildFile; fileRef = 9C4214D42BB4E6AA00084507 /* SavedNews.storyboard */; };
		9C4214D72BB4E6D100084507 /* SavedNewsModel.swift in Sources */ = {isa = PBXBuildFile; fileRef = 9C4214D62BB4E6D100084507 /* SavedNewsModel.swift */; };
		9C4214D92BB4E6E000084507 /* SavedNewsViewModel.swift in Sources */ = {isa = PBXBuildFile; fileRef = 9C4214D82BB4E6E000084507 /* SavedNewsViewModel.swift */; };
		9C4214DB2BB4E6F400084507 /* SavedNewsBuilder.swift in Sources */ = {isa = PBXBuildFile; fileRef = 9C4214DA2BB4E6F400084507 /* SavedNewsBuilder.swift */; };
		9C4214DF2BB51BC500084507 /* SaveTableViewCell.swift in Sources */ = {isa = PBXBuildFile; fileRef = 9C4214DE2BB51BC500084507 /* SaveTableViewCell.swift */; };
		9C4214E32BB52FBD00084507 /* SaveCell.xib in Resources */ = {isa = PBXBuildFile; fileRef = 9C4214E22BB52FBD00084507 /* SaveCell.xib */; };
		9C93E8852B8C9A2200F0EB65 /* Model.xcdatamodeld in Sources */ = {isa = PBXBuildFile; fileRef = 9C93E8832B8C9A2200F0EB65 /* Model.xcdatamodeld */; };
		9C93E8902B8CB0A800F0EB65 /* DataPersistanceManager.swift in Sources */ = {isa = PBXBuildFile; fileRef = 9C93E88F2B8CB0A800F0EB65 /* DataPersistanceManager.swift */; };
		9C93E89F2B8CDB5700F0EB65 /* SavedNewsItems+CoreDataClass.swift in Sources */ = {isa = PBXBuildFile; fileRef = 9C93E89D2B8CDB5700F0EB65 /* SavedNewsItems+CoreDataClass.swift */; };
		9C93E8A02B8CDB5700F0EB65 /* SavedNewsItems+CoreDataProperties.swift in Sources */ = {isa = PBXBuildFile; fileRef = 9C93E89E2B8CDB5700F0EB65 /* SavedNewsItems+CoreDataProperties.swift */; };
		9C99768F2B88B81100535D64 /* Kingfisher in Frameworks */ = {isa = PBXBuildFile; productRef = 9C99768E2B88B81000535D64 /* Kingfisher */; };
		9C9C3B802B81FC8600964905 /* HomeModel.swift in Sources */ = {isa = PBXBuildFile; fileRef = 9C9C3B7F2B81FC8600964905 /* HomeModel.swift */; };
		9C9C3B822B81FE8100964905 /* NewsDetailContracts.swift in Sources */ = {isa = PBXBuildFile; fileRef = 9C9C3B812B81FE8100964905 /* NewsDetailContracts.swift */; };
		9C9C3B842B8214E500964905 /* SourcesModel.swift in Sources */ = {isa = PBXBuildFile; fileRef = 9C9C3B832B8214E500964905 /* SourcesModel.swift */; };
		9CA6229A2BA1A8F400B1AAD8 /* SliderButton.swift in Sources */ = {isa = PBXBuildFile; fileRef = 9CA622992BA1A8F400B1AAD8 /* SliderButton.swift */; };
		9CA622A12BA1CE4A00B1AAD8 /* Converter+Date.swift in Sources */ = {isa = PBXBuildFile; fileRef = 9CA622A02BA1CE4A00B1AAD8 /* Converter+Date.swift */; };
		9CA8922F2B8A38D700B7FA2C /* DecoderHelper.swift in Sources */ = {isa = PBXBuildFile; fileRef = 9CA8922E2B8A38D700B7FA2C /* DecoderHelper.swift */; };
		9CB82AD22B9626580013B52F /* Formatter+String.swift in Sources */ = {isa = PBXBuildFile; fileRef = 9CB82AD12B9626580013B52F /* Formatter+String.swift */; };
		9CB82ADC2B96359B0013B52F /* ButtonsCell.swift in Sources */ = {isa = PBXBuildFile; fileRef = 9CB82ADA2B96359B0013B52F /* ButtonsCell.swift */; };
		9CB82ADD2B96359B0013B52F /* ButtonsCell.xib in Resources */ = {isa = PBXBuildFile; fileRef = 9CB82ADB2B96359B0013B52F /* ButtonsCell.xib */; };
		9CBA5D2F2B86B5F8006FA438 /* AppRouter.swift in Sources */ = {isa = PBXBuildFile; fileRef = 9CBA5D2E2B86B5F8006FA438 /* AppRouter.swift */; };
		9CBA5D312B86B6D7006FA438 /* AppContainer.swift in Sources */ = {isa = PBXBuildFile; fileRef = 9CBA5D302B86B6D7006FA438 /* AppContainer.swift */; };
		9CBDD04F2B83871C005ABAA8 /* NewsDetail.storyboard in Resources */ = {isa = PBXBuildFile; fileRef = 9CBDD04E2B83871C005ABAA8 /* NewsDetail.storyboard */; };
		9CBDD0512B838736005ABAA8 /* NewsDetailViewModel.swift in Sources */ = {isa = PBXBuildFile; fileRef = 9CBDD0502B838736005ABAA8 /* NewsDetailViewModel.swift */; };
		9CBDD0532B838767005ABAA8 /* NewsDetailBuilder.swift in Sources */ = {isa = PBXBuildFile; fileRef = 9CBDD0522B838767005ABAA8 /* NewsDetailBuilder.swift */; };
		9CBDD0552B8387C3005ABAA8 /* NewsDetailModel.swift in Sources */ = {isa = PBXBuildFile; fileRef = 9CBDD0542B8387C3005ABAA8 /* NewsDetailModel.swift */; };
		9CBDD0572B8387F7005ABAA8 /* NewsDetailViewController.swift in Sources */ = {isa = PBXBuildFile; fileRef = 9CBDD0562B8387F7005ABAA8 /* NewsDetailViewController.swift */; };
		9CC18A412B812886009FE97C /* AppDelegate.swift in Sources */ = {isa = PBXBuildFile; fileRef = 9CC18A402B812886009FE97C /* AppDelegate.swift */; };
		9CC18A432B812886009FE97C /* SceneDelegate.swift in Sources */ = {isa = PBXBuildFile; fileRef = 9CC18A422B812886009FE97C /* SceneDelegate.swift */; };
		9CC18A4A2B812886009FE97C /* Assets.xcassets in Resources */ = {isa = PBXBuildFile; fileRef = 9CC18A492B812886009FE97C /* Assets.xcassets */; };
		9CC18A4D2B812886009FE97C /* LaunchScreen.storyboard in Resources */ = {isa = PBXBuildFile; fileRef = 9CC18A4B2B812886009FE97C /* LaunchScreen.storyboard */; };
		9CC18A592B8154AA009FE97C /* NetworkManager.swift in Sources */ = {isa = PBXBuildFile; fileRef = 9CC18A582B8154AA009FE97C /* NetworkManager.swift */; };
		9CC18A692B81717B009FE97C /* Alamofire in Frameworks */ = {isa = PBXBuildFile; productRef = 9CC18A682B81717B009FE97C /* Alamofire */; };
		9CC18A6F2B81824E009FE97C /* HomeViewController.swift in Sources */ = {isa = PBXBuildFile; fileRef = 9CC18A6E2B81824E009FE97C /* HomeViewController.swift */; };
		9CC18A712B818262009FE97C /* Home.storyboard in Resources */ = {isa = PBXBuildFile; fileRef = 9CC18A702B818262009FE97C /* Home.storyboard */; };
		9CC18A732B8182AD009FE97C /* HomeViewModel.swift in Sources */ = {isa = PBXBuildFile; fileRef = 9CC18A722B8182AD009FE97C /* HomeViewModel.swift */; };
		9CC18A752B8182C5009FE97C /* HomeBuilder.swift in Sources */ = {isa = PBXBuildFile; fileRef = 9CC18A742B8182C5009FE97C /* HomeBuilder.swift */; };
		9CC18A772B818312009FE97C /* HomeContracts.swift in Sources */ = {isa = PBXBuildFile; fileRef = 9CC18A762B818312009FE97C /* HomeContracts.swift */; };
		9CCAF27F2B88E9ED002EE914 /* SliderCollectionViewCell.swift in Sources */ = {isa = PBXBuildFile; fileRef = 9CCAF27D2B88E9ED002EE914 /* SliderCollectionViewCell.swift */; };
		9CCAF2802B88E9ED002EE914 /* SliderCollectionViewCell.xib in Resources */ = {isa = PBXBuildFile; fileRef = 9CCAF27E2B88E9ED002EE914 /* SliderCollectionViewCell.xib */; };
		9CCAF2832B88EA0A002EE914 /* ListTableViewCell.swift in Sources */ = {isa = PBXBuildFile; fileRef = 9CCAF2812B88EA0A002EE914 /* ListTableViewCell.swift */; };
		9CCAF2842B88EA0A002EE914 /* ListTableViewCell.xib in Resources */ = {isa = PBXBuildFile; fileRef = 9CCAF2822B88EA0A002EE914 /* ListTableViewCell.xib */; };
		9CCF9ECA2B9AD85C003D5698 /* TopHeadlinesModel.json in Resources */ = {isa = PBXBuildFile; fileRef = 9CCF9EC92B9AD85C003D5698 /* TopHeadlinesModel.json */; };
		9CCF9ECC2B9AD8A1003D5698 /* SourcesModel.json in Resources */ = {isa = PBXBuildFile; fileRef = 9CCF9ECB2B9AD8A1003D5698 /* SourcesModel.json */; };
		9CCF9ED32B9ADFF7003D5698 /* MockViews.swift in Sources */ = {isa = PBXBuildFile; fileRef = 9CCF9ED22B9ADFF7003D5698 /* MockViews.swift */; };
		9CCF9ED52B9AE017003D5698 /* ResourceLoader.swift in Sources */ = {isa = PBXBuildFile; fileRef = 9CCF9ED42B9AE017003D5698 /* ResourceLoader.swift */; };
		9CCF9ED72B9AE381003D5698 /* TopHeadlinesModel.swift in Sources */ = {isa = PBXBuildFile; fileRef = 9CCF9ED62B9AE381003D5698 /* TopHeadlinesModel.swift */; };
		9CCF9ED92B9AE9DE003D5698 /* MockService.swift in Sources */ = {isa = PBXBuildFile; fileRef = 9CCF9ED82B9AE9DE003D5698 /* MockService.swift */; };
		9CCF9EDE2B9B0CA9003D5698 /* HomeVCTests.swift in Sources */ = {isa = PBXBuildFile; fileRef = 9CCF9ED02B9ADF62003D5698 /* HomeVCTests.swift */; };
		9CCF9EE02B9B69DE003D5698 /* NewsDetailVCTests.swift in Sources */ = {isa = PBXBuildFile; fileRef = 9CCF9EDF2B9B69DE003D5698 /* NewsDetailVCTests.swift */; };
/* End PBXBuildFile section */

/* Begin PBXContainerItemProxy section */
		9CCF9EBE2B9A07B5003D5698 /* PBXContainerItemProxy */ = {
			isa = PBXContainerItemProxy;
			containerPortal = 9CC18A352B812886009FE97C /* Project object */;
			proxyType = 1;
			remoteGlobalIDString = 9CC18A3C2B812886009FE97C;
			remoteInfo = News;
		};
/* End PBXContainerItemProxy section */

/* Begin PBXFileReference section */
		9C4214CF2BB4CCB100084507 /* NewsWebsiteViewController.swift */ = {isa = PBXFileReference; lastKnownFileType = sourcecode.swift; path = NewsWebsiteViewController.swift; sourceTree = "<group>"; };
		9C4214D22BB4E69000084507 /* SavedNewsViewController.swift */ = {isa = PBXFileReference; lastKnownFileType = sourcecode.swift; path = SavedNewsViewController.swift; sourceTree = "<group>"; };
		9C4214D42BB4E6AA00084507 /* SavedNews.storyboard */ = {isa = PBXFileReference; lastKnownFileType = file.storyboard; path = SavedNews.storyboard; sourceTree = "<group>"; };
		9C4214D62BB4E6D100084507 /* SavedNewsModel.swift */ = {isa = PBXFileReference; lastKnownFileType = sourcecode.swift; path = SavedNewsModel.swift; sourceTree = "<group>"; };
		9C4214D82BB4E6E000084507 /* SavedNewsViewModel.swift */ = {isa = PBXFileReference; lastKnownFileType = sourcecode.swift; path = SavedNewsViewModel.swift; sourceTree = "<group>"; };
		9C4214DA2BB4E6F400084507 /* SavedNewsBuilder.swift */ = {isa = PBXFileReference; lastKnownFileType = sourcecode.swift; path = SavedNewsBuilder.swift; sourceTree = "<group>"; };
		9C4214DE2BB51BC500084507 /* SaveTableViewCell.swift */ = {isa = PBXFileReference; lastKnownFileType = sourcecode.swift; path = SaveTableViewCell.swift; sourceTree = "<group>"; };
		9C4214E22BB52FBD00084507 /* SaveCell.xib */ = {isa = PBXFileReference; lastKnownFileType = file.xib; path = SaveCell.xib; sourceTree = "<group>"; };
		9C93E8842B8C9A2200F0EB65 /* Model.xcdatamodel */ = {isa = PBXFileReference; lastKnownFileType = wrapper.xcdatamodel; path = Model.xcdatamodel; sourceTree = "<group>"; };
		9C93E88F2B8CB0A800F0EB65 /* DataPersistanceManager.swift */ = {isa = PBXFileReference; lastKnownFileType = sourcecode.swift; path = DataPersistanceManager.swift; sourceTree = "<group>"; };
		9C93E89D2B8CDB5700F0EB65 /* SavedNewsItems+CoreDataClass.swift */ = {isa = PBXFileReference; lastKnownFileType = sourcecode.swift; path = "SavedNewsItems+CoreDataClass.swift"; sourceTree = "<group>"; };
		9C93E89E2B8CDB5700F0EB65 /* SavedNewsItems+CoreDataProperties.swift */ = {isa = PBXFileReference; lastKnownFileType = sourcecode.swift; path = "SavedNewsItems+CoreDataProperties.swift"; sourceTree = "<group>"; };
		9C9C3B7F2B81FC8600964905 /* HomeModel.swift */ = {isa = PBXFileReference; lastKnownFileType = sourcecode.swift; path = HomeModel.swift; sourceTree = "<group>"; };
		9C9C3B812B81FE8100964905 /* NewsDetailContracts.swift */ = {isa = PBXFileReference; lastKnownFileType = sourcecode.swift; path = NewsDetailContracts.swift; sourceTree = "<group>"; };
		9C9C3B832B8214E500964905 /* SourcesModel.swift */ = {isa = PBXFileReference; lastKnownFileType = sourcecode.swift; path = SourcesModel.swift; sourceTree = "<group>"; };
		9CA622992BA1A8F400B1AAD8 /* SliderButton.swift */ = {isa = PBXFileReference; lastKnownFileType = sourcecode.swift; path = SliderButton.swift; sourceTree = "<group>"; };
		9CA622A02BA1CE4A00B1AAD8 /* Converter+Date.swift */ = {isa = PBXFileReference; lastKnownFileType = sourcecode.swift; path = "Converter+Date.swift"; sourceTree = "<group>"; };
		9CA8922E2B8A38D700B7FA2C /* DecoderHelper.swift */ = {isa = PBXFileReference; lastKnownFileType = sourcecode.swift; path = DecoderHelper.swift; sourceTree = "<group>"; };
		9CB82AD12B9626580013B52F /* Formatter+String.swift */ = {isa = PBXFileReference; lastKnownFileType = sourcecode.swift; path = "Formatter+String.swift"; sourceTree = "<group>"; };
		9CB82ADA2B96359B0013B52F /* ButtonsCell.swift */ = {isa = PBXFileReference; lastKnownFileType = sourcecode.swift; path = ButtonsCell.swift; sourceTree = "<group>"; };
		9CB82ADB2B96359B0013B52F /* ButtonsCell.xib */ = {isa = PBXFileReference; lastKnownFileType = file.xib; path = ButtonsCell.xib; sourceTree = "<group>"; };
		9CBA5D2E2B86B5F8006FA438 /* AppRouter.swift */ = {isa = PBXFileReference; lastKnownFileType = sourcecode.swift; path = AppRouter.swift; sourceTree = "<group>"; };
		9CBA5D302B86B6D7006FA438 /* AppContainer.swift */ = {isa = PBXFileReference; lastKnownFileType = sourcecode.swift; path = AppContainer.swift; sourceTree = "<group>"; };
		9CBDD04E2B83871C005ABAA8 /* NewsDetail.storyboard */ = {isa = PBXFileReference; lastKnownFileType = file.storyboard; path = NewsDetail.storyboard; sourceTree = "<group>"; };
		9CBDD0502B838736005ABAA8 /* NewsDetailViewModel.swift */ = {isa = PBXFileReference; lastKnownFileType = sourcecode.swift; path = NewsDetailViewModel.swift; sourceTree = "<group>"; };
		9CBDD0522B838767005ABAA8 /* NewsDetailBuilder.swift */ = {isa = PBXFileReference; lastKnownFileType = sourcecode.swift; path = NewsDetailBuilder.swift; sourceTree = "<group>"; };
		9CBDD0542B8387C3005ABAA8 /* NewsDetailModel.swift */ = {isa = PBXFileReference; lastKnownFileType = sourcecode.swift; path = NewsDetailModel.swift; sourceTree = "<group>"; };
		9CBDD0562B8387F7005ABAA8 /* NewsDetailViewController.swift */ = {isa = PBXFileReference; lastKnownFileType = sourcecode.swift; path = NewsDetailViewController.swift; sourceTree = "<group>"; };
		9CC18A3D2B812886009FE97C /* News.app */ = {isa = PBXFileReference; explicitFileType = wrapper.application; includeInIndex = 0; path = News.app; sourceTree = BUILT_PRODUCTS_DIR; };
		9CC18A402B812886009FE97C /* AppDelegate.swift */ = {isa = PBXFileReference; lastKnownFileType = sourcecode.swift; path = AppDelegate.swift; sourceTree = "<group>"; };
		9CC18A422B812886009FE97C /* SceneDelegate.swift */ = {isa = PBXFileReference; lastKnownFileType = sourcecode.swift; path = SceneDelegate.swift; sourceTree = "<group>"; };
		9CC18A492B812886009FE97C /* Assets.xcassets */ = {isa = PBXFileReference; lastKnownFileType = folder.assetcatalog; path = Assets.xcassets; sourceTree = "<group>"; };
		9CC18A4C2B812886009FE97C /* Base */ = {isa = PBXFileReference; lastKnownFileType = file.storyboard; name = Base; path = Base.lproj/LaunchScreen.storyboard; sourceTree = "<group>"; };
		9CC18A4E2B812886009FE97C /* Info.plist */ = {isa = PBXFileReference; lastKnownFileType = text.plist.xml; path = Info.plist; sourceTree = "<group>"; };
		9CC18A582B8154AA009FE97C /* NetworkManager.swift */ = {isa = PBXFileReference; lastKnownFileType = sourcecode.swift; path = NetworkManager.swift; sourceTree = "<group>"; };
		9CC18A6E2B81824E009FE97C /* HomeViewController.swift */ = {isa = PBXFileReference; lastKnownFileType = sourcecode.swift; path = HomeViewController.swift; sourceTree = "<group>"; };
		9CC18A702B818262009FE97C /* Home.storyboard */ = {isa = PBXFileReference; lastKnownFileType = file.storyboard; path = Home.storyboard; sourceTree = "<group>"; };
		9CC18A722B8182AD009FE97C /* HomeViewModel.swift */ = {isa = PBXFileReference; lastKnownFileType = sourcecode.swift; path = HomeViewModel.swift; sourceTree = "<group>"; };
		9CC18A742B8182C5009FE97C /* HomeBuilder.swift */ = {isa = PBXFileReference; lastKnownFileType = sourcecode.swift; path = HomeBuilder.swift; sourceTree = "<group>"; };
		9CC18A762B818312009FE97C /* HomeContracts.swift */ = {isa = PBXFileReference; lastKnownFileType = sourcecode.swift; path = HomeContracts.swift; sourceTree = "<group>"; };
		9CCAF27D2B88E9ED002EE914 /* SliderCollectionViewCell.swift */ = {isa = PBXFileReference; lastKnownFileType = sourcecode.swift; path = SliderCollectionViewCell.swift; sourceTree = "<group>"; };
		9CCAF27E2B88E9ED002EE914 /* SliderCollectionViewCell.xib */ = {isa = PBXFileReference; lastKnownFileType = file.xib; path = SliderCollectionViewCell.xib; sourceTree = "<group>"; };
		9CCAF2812B88EA0A002EE914 /* ListTableViewCell.swift */ = {isa = PBXFileReference; lastKnownFileType = sourcecode.swift; path = ListTableViewCell.swift; sourceTree = "<group>"; };
		9CCAF2822B88EA0A002EE914 /* ListTableViewCell.xib */ = {isa = PBXFileReference; lastKnownFileType = file.xib; path = ListTableViewCell.xib; sourceTree = "<group>"; };
		9CCF9EBA2B9A07B5003D5698 /* NewsTests.xctest */ = {isa = PBXFileReference; explicitFileType = wrapper.cfbundle; includeInIndex = 0; path = NewsTests.xctest; sourceTree = BUILT_PRODUCTS_DIR; };
		9CCF9EC92B9AD85C003D5698 /* TopHeadlinesModel.json */ = {isa = PBXFileReference; lastKnownFileType = text.json; path = TopHeadlinesModel.json; sourceTree = "<group>"; };
		9CCF9ECB2B9AD8A1003D5698 /* SourcesModel.json */ = {isa = PBXFileReference; lastKnownFileType = text.json; path = SourcesModel.json; sourceTree = "<group>"; };
		9CCF9ED02B9ADF62003D5698 /* HomeVCTests.swift */ = {isa = PBXFileReference; lastKnownFileType = sourcecode.swift; path = HomeVCTests.swift; sourceTree = "<group>"; };
		9CCF9ED22B9ADFF7003D5698 /* MockViews.swift */ = {isa = PBXFileReference; lastKnownFileType = sourcecode.swift; path = MockViews.swift; sourceTree = "<group>"; };
		9CCF9ED42B9AE017003D5698 /* ResourceLoader.swift */ = {isa = PBXFileReference; lastKnownFileType = sourcecode.swift; path = ResourceLoader.swift; sourceTree = "<group>"; };
		9CCF9ED62B9AE381003D5698 /* TopHeadlinesModel.swift */ = {isa = PBXFileReference; lastKnownFileType = sourcecode.swift; path = TopHeadlinesModel.swift; sourceTree = "<group>"; };
		9CCF9ED82B9AE9DE003D5698 /* MockService.swift */ = {isa = PBXFileReference; lastKnownFileType = sourcecode.swift; path = MockService.swift; sourceTree = "<group>"; };
		9CCF9EDF2B9B69DE003D5698 /* NewsDetailVCTests.swift */ = {isa = PBXFileReference; lastKnownFileType = sourcecode.swift; path = NewsDetailVCTests.swift; sourceTree = "<group>"; };
/* End PBXFileReference section */

/* Begin PBXFrameworksBuildPhase section */
		9CC18A3A2B812886009FE97C /* Frameworks */ = {
			isa = PBXFrameworksBuildPhase;
			buildActionMask = 2147483647;
			files = (
				9C99768F2B88B81100535D64 /* Kingfisher in Frameworks */,
				9CC18A692B81717B009FE97C /* Alamofire in Frameworks */,
			);
			runOnlyForDeploymentPostprocessing = 0;
		};
		9CCF9EB72B9A07B5003D5698 /* Frameworks */ = {
			isa = PBXFrameworksBuildPhase;
			buildActionMask = 2147483647;
			files = (
			);
			runOnlyForDeploymentPostprocessing = 0;
		};
/* End PBXFrameworksBuildPhase section */

/* Begin PBXGroup section */
		9C4214CE2BB4CC9300084507 /* Website */ = {
			isa = PBXGroup;
			children = (
				9C4214CF2BB4CCB100084507 /* NewsWebsiteViewController.swift */,
			);
			path = Website;
			sourceTree = "<group>";
		};
		9C4214D12BB4E66300084507 /* SavedNews */ = {
			isa = PBXGroup;
			children = (
				9C4214D42BB4E6AA00084507 /* SavedNews.storyboard */,
				9C4214D22BB4E69000084507 /* SavedNewsViewController.swift */,
				9C4214D62BB4E6D100084507 /* SavedNewsModel.swift */,
				9C4214D82BB4E6E000084507 /* SavedNewsViewModel.swift */,
				9C4214DA2BB4E6F400084507 /* SavedNewsBuilder.swift */,
			);
			path = SavedNews;
			sourceTree = "<group>";
		};
		9C93E88A2B8C9B7200F0EB65 /* CoreDataItem */ = {
			isa = PBXGroup;
			children = (
				9C93E89D2B8CDB5700F0EB65 /* SavedNewsItems+CoreDataClass.swift */,
				9C93E89E2B8CDB5700F0EB65 /* SavedNewsItems+CoreDataProperties.swift */,
			);
			path = CoreDataItem;
			sourceTree = "<group>";
		};
		9CA6229B2BA1CD5800B1AAD8 /* CollectionCells */ = {
			isa = PBXGroup;
			children = (
				9CCAF27D2B88E9ED002EE914 /* SliderCollectionViewCell.swift */,
				9CCAF27E2B88E9ED002EE914 /* SliderCollectionViewCell.xib */,
			);
			path = CollectionCells;
			sourceTree = "<group>";
		};
		9CA6229C2BA1CD6800B1AAD8 /* TableCells */ = {
			isa = PBXGroup;
			children = (
				9CCAF2812B88EA0A002EE914 /* ListTableViewCell.swift */,
				9CCAF2822B88EA0A002EE914 /* ListTableViewCell.xib */,
				9C4214DE2BB51BC500084507 /* SaveTableViewCell.swift */,
				9C4214E22BB52FBD00084507 /* SaveCell.xib */,
			);
			path = TableCells;
			sourceTree = "<group>";
		};
		9CA6229D2BA1CD7500B1AAD8 /* Buttons */ = {
			isa = PBXGroup;
			children = (
				9CB82ADA2B96359B0013B52F /* ButtonsCell.swift */,
				9CB82ADB2B96359B0013B52F /* ButtonsCell.xib */,
				9CA622992BA1A8F400B1AAD8 /* SliderButton.swift */,
			);
			path = Buttons;
			sourceTree = "<group>";
		};
		9CA8922D2B8A38BD00B7FA2C /* Helper */ = {
			isa = PBXGroup;
			children = (
				9CA8922E2B8A38D700B7FA2C /* DecoderHelper.swift */,
			);
			path = Helper;
			sourceTree = "<group>";
		};
		9CC18A342B812886009FE97C = {
			isa = PBXGroup;
			children = (
				9CC18A3F2B812886009FE97C /* News */,
				9CCF9EBB2B9A07B5003D5698 /* NewsTests */,
				9CC18A3E2B812886009FE97C /* Products */,
			);
			sourceTree = "<group>";
		};
		9CC18A3E2B812886009FE97C /* Products */ = {
			isa = PBXGroup;
			children = (
				9CC18A3D2B812886009FE97C /* News.app */,
				9CCF9EBA2B9A07B5003D5698 /* NewsTests.xctest */,
			);
			name = Products;
			sourceTree = "<group>";
		};
		9CC18A3F2B812886009FE97C /* News */ = {
			isa = PBXGroup;
			children = (
				9CC18A5A2B8155D0009FE97C /* Scenes */,
				9CC18A622B81686F009FE97C /* Resources */,
				9CC18A5E2B81683D009FE97C /* Utils */,
				9CC18A562B81548E009FE97C /* Services */,
				9CC18A662B8168FE009FE97C /* AppCommons */,
				9CC18A422B812886009FE97C /* SceneDelegate.swift */,
				9CC18A402B812886009FE97C /* AppDelegate.swift */,
				9CC18A4B2B812886009FE97C /* LaunchScreen.storyboard */,
				9CC18A4E2B812886009FE97C /* Info.plist */,
			);
			path = News;
			sourceTree = "<group>";
		};
		9CC18A562B81548E009FE97C /* Services */ = {
			isa = PBXGroup;
			children = (
				9CC18A642B81688D009FE97C /* CoreData */,
				9CC18A5D2B8167E7009FE97C /* ServiceModels */,
				9CC18A572B815497009FE97C /* Network */,
			);
			path = Services;
			sourceTree = "<group>";
		};
		9CC18A572B815497009FE97C /* Network */ = {
			isa = PBXGroup;
			children = (
				9CC18A582B8154AA009FE97C /* NetworkManager.swift */,
			);
			path = Network;
			sourceTree = "<group>";
		};
		9CC18A5A2B8155D0009FE97C /* Scenes */ = {
			isa = PBXGroup;
			children = (
				9CC18A5B2B8155DC009FE97C /* Home */,
				9CC18A5C2B81560B009FE97C /* NewsDetail */,
				9C4214D12BB4E66300084507 /* SavedNews */,
				9C4214CE2BB4CC9300084507 /* Website */,
			);
			path = Scenes;
			sourceTree = "<group>";
		};
		9CC18A5B2B8155DC009FE97C /* Home */ = {
			isa = PBXGroup;
			children = (
				9CC18A702B818262009FE97C /* Home.storyboard */,
				9CC18A6E2B81824E009FE97C /* HomeViewController.swift */,
				9CC18A722B8182AD009FE97C /* HomeViewModel.swift */,
				9CC18A742B8182C5009FE97C /* HomeBuilder.swift */,
				9CC18A762B818312009FE97C /* HomeContracts.swift */,
				9C9C3B7F2B81FC8600964905 /* HomeModel.swift */,
			);
			path = Home;
			sourceTree = "<group>";
		};
		9CC18A5C2B81560B009FE97C /* NewsDetail */ = {
			isa = PBXGroup;
			children = (
				9CBDD04E2B83871C005ABAA8 /* NewsDetail.storyboard */,
				9CBDD0562B8387F7005ABAA8 /* NewsDetailViewController.swift */,
				9CBDD0502B838736005ABAA8 /* NewsDetailViewModel.swift */,
				9C9C3B812B81FE8100964905 /* NewsDetailContracts.swift */,
				9CBDD0522B838767005ABAA8 /* NewsDetailBuilder.swift */,
				9CBDD0542B8387C3005ABAA8 /* NewsDetailModel.swift */,
			);
			path = NewsDetail;
			sourceTree = "<group>";
		};
		9CC18A5D2B8167E7009FE97C /* ServiceModels */ = {
			isa = PBXGroup;
			children = (
				9C9C3B832B8214E500964905 /* SourcesModel.swift */,
				9CCF9ED62B9AE381003D5698 /* TopHeadlinesModel.swift */,
			);
			path = ServiceModels;
			sourceTree = "<group>";
		};
		9CC18A5E2B81683D009FE97C /* Utils */ = {
			isa = PBXGroup;
			children = (
				9CA8922D2B8A38BD00B7FA2C /* Helper */,
				9CC18A612B816853009FE97C /* Extensions */,
			);
			path = Utils;
			sourceTree = "<group>";
		};
		9CC18A612B816853009FE97C /* Extensions */ = {
			isa = PBXGroup;
			children = (
				9CB82AD12B9626580013B52F /* Formatter+String.swift */,
				9CA622A02BA1CE4A00B1AAD8 /* Converter+Date.swift */,
			);
			path = Extensions;
			sourceTree = "<group>";
		};
		9CC18A622B81686F009FE97C /* Resources */ = {
			isa = PBXGroup;
			children = (
				9CCAF27C2B88E949002EE914 /* Components */,
				9CC18A632B816877009FE97C /* Assets */,
			);
			path = Resources;
			sourceTree = "<group>";
		};
		9CC18A632B816877009FE97C /* Assets */ = {
			isa = PBXGroup;
			children = (
				9CC18A492B812886009FE97C /* Assets.xcassets */,
			);
			path = Assets;
			sourceTree = "<group>";
		};
		9CC18A642B81688D009FE97C /* CoreData */ = {
			isa = PBXGroup;
			children = (
				9C93E8832B8C9A2200F0EB65 /* Model.xcdatamodeld */,
				9C93E88A2B8C9B7200F0EB65 /* CoreDataItem */,
				9C93E88F2B8CB0A800F0EB65 /* DataPersistanceManager.swift */,
			);
			path = CoreData;
			sourceTree = "<group>";
		};
		9CC18A662B8168FE009FE97C /* AppCommons */ = {
			isa = PBXGroup;
			children = (
				9CBA5D2E2B86B5F8006FA438 /* AppRouter.swift */,
				9CBA5D302B86B6D7006FA438 /* AppContainer.swift */,
			);
			path = AppCommons;
			sourceTree = "<group>";
		};
		9CCAF27C2B88E949002EE914 /* Components */ = {
			isa = PBXGroup;
			children = (
				9CA6229D2BA1CD7500B1AAD8 /* Buttons */,
				9CA6229C2BA1CD6800B1AAD8 /* TableCells */,
				9CA6229B2BA1CD5800B1AAD8 /* CollectionCells */,
			);
			path = Components;
			sourceTree = "<group>";
		};
		9CCF9EBB2B9A07B5003D5698 /* NewsTests */ = {
			isa = PBXGroup;
			children = (
				9CCF9ECF2B9ADF4A003D5698 /* Tests */,
				9CCF9EC72B9AD812003D5698 /* Resources */,
			);
			path = NewsTests;
			sourceTree = "<group>";
		};
		9CCF9EC72B9AD812003D5698 /* Resources */ = {
			isa = PBXGroup;
			children = (
				9CCF9EC82B9AD820003D5698 /* JSON */,
				9CCF9ED22B9ADFF7003D5698 /* MockViews.swift */,
				9CCF9ED42B9AE017003D5698 /* ResourceLoader.swift */,
				9CCF9ED82B9AE9DE003D5698 /* MockService.swift */,
			);
			path = Resources;
			sourceTree = "<group>";
		};
		9CCF9EC82B9AD820003D5698 /* JSON */ = {
			isa = PBXGroup;
			children = (
				9CCF9EC92B9AD85C003D5698 /* TopHeadlinesModel.json */,
				9CCF9ECB2B9AD8A1003D5698 /* SourcesModel.json */,
			);
			path = JSON;
			sourceTree = "<group>";
		};
		9CCF9ECF2B9ADF4A003D5698 /* Tests */ = {
			isa = PBXGroup;
			children = (
				9CCF9ED02B9ADF62003D5698 /* HomeVCTests.swift */,
				9CCF9EDF2B9B69DE003D5698 /* NewsDetailVCTests.swift */,
			);
			path = Tests;
			sourceTree = "<group>";
		};
/* End PBXGroup section */

/* Begin PBXNativeTarget section */
		9CC18A3C2B812886009FE97C /* News */ = {
			isa = PBXNativeTarget;
			buildConfigurationList = 9CC18A512B812886009FE97C /* Build configuration list for PBXNativeTarget "News" */;
			buildPhases = (
				9CC18A392B812886009FE97C /* Sources */,
				9CC18A3A2B812886009FE97C /* Frameworks */,
				9CC18A3B2B812886009FE97C /* Resources */,
				9CCF9EB52B99BCE9003D5698 /* SwiftLint */,
			);
			buildRules = (
			);
			dependencies = (
			);
			name = News;
			packageProductDependencies = (
				9CC18A682B81717B009FE97C /* Alamofire */,
				9C99768E2B88B81000535D64 /* Kingfisher */,
			);
			productName = News;
			productReference = 9CC18A3D2B812886009FE97C /* News.app */;
			productType = "com.apple.product-type.application";
		};
		9CCF9EB92B9A07B5003D5698 /* NewsTests */ = {
			isa = PBXNativeTarget;
			buildConfigurationList = 9CCF9EC02B9A07B5003D5698 /* Build configuration list for PBXNativeTarget "NewsTests" */;
			buildPhases = (
				9CCF9EB62B9A07B5003D5698 /* Sources */,
				9CCF9EB72B9A07B5003D5698 /* Frameworks */,
				9CCF9EB82B9A07B5003D5698 /* Resources */,
			);
			buildRules = (
			);
			dependencies = (
				9CCF9EBF2B9A07B5003D5698 /* PBXTargetDependency */,
			);
			name = NewsTests;
			productName = NewsTests;
			productReference = 9CCF9EBA2B9A07B5003D5698 /* NewsTests.xctest */;
			productType = "com.apple.product-type.bundle.unit-test";
		};
/* End PBXNativeTarget section */

/* Begin PBXProject section */
		9CC18A352B812886009FE97C /* Project object */ = {
			isa = PBXProject;
			attributes = {
				BuildIndependentTargetsInParallel = 1;
				LastSwiftUpdateCheck = 1520;
				LastUpgradeCheck = 1430;
				TargetAttributes = {
					9CC18A3C2B812886009FE97C = {
						CreatedOnToolsVersion = 14.3.1;
					};
					9CCF9EB92B9A07B5003D5698 = {
						CreatedOnToolsVersion = 15.2;
						TestTargetID = 9CC18A3C2B812886009FE97C;
					};
				};
			};
			buildConfigurationList = 9CC18A382B812886009FE97C /* Build configuration list for PBXProject "News" */;
			compatibilityVersion = "Xcode 13.0";
			developmentRegion = en;
			hasScannedForEncodings = 0;
			knownRegions = (
				en,
				Base,
			);
			mainGroup = 9CC18A342B812886009FE97C;
			packageReferences = (
				9CC18A672B81717B009FE97C /* XCRemoteSwiftPackageReference "Alamofire" */,
				9C99768D2B88B81000535D64 /* XCRemoteSwiftPackageReference "Kingfisher" */,
			);
			productRefGroup = 9CC18A3E2B812886009FE97C /* Products */;
			projectDirPath = "";
			projectRoot = "";
			targets = (
				9CC18A3C2B812886009FE97C /* News */,
				9CCF9EB92B9A07B5003D5698 /* NewsTests */,
			);
		};
/* End PBXProject section */

/* Begin PBXResourcesBuildPhase section */
		9CC18A3B2B812886009FE97C /* Resources */ = {
			isa = PBXResourcesBuildPhase;
			buildActionMask = 2147483647;
			files = (
				9CC18A4D2B812886009FE97C /* LaunchScreen.storyboard in Resources */,
				9CBDD04F2B83871C005ABAA8 /* NewsDetail.storyboard in Resources */,
				9CC18A4A2B812886009FE97C /* Assets.xcassets in Resources */,
				9C4214D52BB4E6AA00084507 /* SavedNews.storyboard in Resources */,
				9C4214E32BB52FBD00084507 /* SaveCell.xib in Resources */,
				9CCAF2802B88E9ED002EE914 /* SliderCollectionViewCell.xib in Resources */,
				9CCAF2842B88EA0A002EE914 /* ListTableViewCell.xib in Resources */,
				9CC18A712B818262009FE97C /* Home.storyboard in Resources */,
				9CB82ADD2B96359B0013B52F /* ButtonsCell.xib in Resources */,
			);
			runOnlyForDeploymentPostprocessing = 0;
		};
		9CCF9EB82B9A07B5003D5698 /* Resources */ = {
			isa = PBXResourcesBuildPhase;
			buildActionMask = 2147483647;
			files = (
				9CCF9ECC2B9AD8A1003D5698 /* SourcesModel.json in Resources */,
				9CCF9ECA2B9AD85C003D5698 /* TopHeadlinesModel.json in Resources */,
			);
			runOnlyForDeploymentPostprocessing = 0;
		};
/* End PBXResourcesBuildPhase section */

/* Begin PBXShellScriptBuildPhase section */
		9CCF9EB52B99BCE9003D5698 /* SwiftLint */ = {
			isa = PBXShellScriptBuildPhase;
			buildActionMask = 2147483647;
			files = (
			);
			inputFileListPaths = (
			);
			inputPaths = (
			);
			name = SwiftLint;
			outputFileListPaths = (
			);
			outputPaths = (
			);
			runOnlyForDeploymentPostprocessing = 0;
			shellPath = /bin/sh;
			shellScript = "if [[ \"$(uname -m)\" == arm64 ]]; then\n    export PATH=\"/opt/homebrew/bin:$PATH\"\nfi\n\nif which swiftlint > /dev/null; then\n  swiftlint\nelse\n  echo \"warning: SwiftLint not installed, download from https://github.com/realm/SwiftLint\"\nfi\n";
		};
/* End PBXShellScriptBuildPhase section */

/* Begin PBXSourcesBuildPhase section */
		9CC18A392B812886009FE97C /* Sources */ = {
			isa = PBXSourcesBuildPhase;
			buildActionMask = 2147483647;
			files = (
				9C93E8902B8CB0A800F0EB65 /* DataPersistanceManager.swift in Sources */,
				9CC18A772B818312009FE97C /* HomeContracts.swift in Sources */,
				9C9C3B822B81FE8100964905 /* NewsDetailContracts.swift in Sources */,
				9CC18A592B8154AA009FE97C /* NetworkManager.swift in Sources */,
				9C4214DF2BB51BC500084507 /* SaveTableViewCell.swift in Sources */,
				9CA622A12BA1CE4A00B1AAD8 /* Converter+Date.swift in Sources */,
				9C4214D72BB4E6D100084507 /* SavedNewsModel.swift in Sources */,
				9CC18A732B8182AD009FE97C /* HomeViewModel.swift in Sources */,
				9CC18A412B812886009FE97C /* AppDelegate.swift in Sources */,
				9CC18A432B812886009FE97C /* SceneDelegate.swift in Sources */,
				9CBDD0552B8387C3005ABAA8 /* NewsDetailModel.swift in Sources */,
				9CA8922F2B8A38D700B7FA2C /* DecoderHelper.swift in Sources */,
				9CA6229A2BA1A8F400B1AAD8 /* SliderButton.swift in Sources */,
				9C93E8852B8C9A2200F0EB65 /* Model.xcdatamodeld in Sources */,
				9CCF9ED72B9AE381003D5698 /* TopHeadlinesModel.swift in Sources */,
				9CBDD0572B8387F7005ABAA8 /* NewsDetailViewController.swift in Sources */,
				9C4214D92BB4E6E000084507 /* SavedNewsViewModel.swift in Sources */,
				9CBDD0532B838767005ABAA8 /* NewsDetailBuilder.swift in Sources */,
				9C9C3B842B8214E500964905 /* SourcesModel.swift in Sources */,
				9CBA5D312B86B6D7006FA438 /* AppContainer.swift in Sources */,
				9C93E89F2B8CDB5700F0EB65 /* SavedNewsItems+CoreDataClass.swift in Sources */,
				9C4214D02BB4CCB100084507 /* NewsWebsiteViewController.swift in Sources */,
				9CC18A752B8182C5009FE97C /* HomeBuilder.swift in Sources */,
				9CCAF2832B88EA0A002EE914 /* ListTableViewCell.swift in Sources */,
				9CC18A6F2B81824E009FE97C /* HomeViewController.swift in Sources */,
				9CCAF27F2B88E9ED002EE914 /* SliderCollectionViewCell.swift in Sources */,
				9CB82ADC2B96359B0013B52F /* ButtonsCell.swift in Sources */,
				9CB82AD22B9626580013B52F /* Formatter+String.swift in Sources */,
				9CBDD0512B838736005ABAA8 /* NewsDetailViewModel.swift in Sources */,
				9CBA5D2F2B86B5F8006FA438 /* AppRouter.swift in Sources */,
				9C4214DB2BB4E6F400084507 /* SavedNewsBuilder.swift in Sources */,
				9C9C3B802B81FC8600964905 /* HomeModel.swift in Sources */,
				9C93E8A02B8CDB5700F0EB65 /* SavedNewsItems+CoreDataProperties.swift in Sources */,
				9C4214D32BB4E69000084507 /* SavedNewsViewController.swift in Sources */,
			);
			runOnlyForDeploymentPostprocessing = 0;
		};
		9CCF9EB62B9A07B5003D5698 /* Sources */ = {
			isa = PBXSourcesBuildPhase;
			buildActionMask = 2147483647;
			files = (
				9CCF9ED52B9AE017003D5698 /* ResourceLoader.swift in Sources */,
				9CCF9ED32B9ADFF7003D5698 /* MockViews.swift in Sources */,
				9CCF9EDE2B9B0CA9003D5698 /* HomeVCTests.swift in Sources */,
				9CCF9ED92B9AE9DE003D5698 /* MockService.swift in Sources */,
				9CCF9EE02B9B69DE003D5698 /* NewsDetailVCTests.swift in Sources */,
			);
			runOnlyForDeploymentPostprocessing = 0;
		};
/* End PBXSourcesBuildPhase section */

/* Begin PBXTargetDependency section */
		9CCF9EBF2B9A07B5003D5698 /* PBXTargetDependency */ = {
			isa = PBXTargetDependency;
			target = 9CC18A3C2B812886009FE97C /* News */;
			targetProxy = 9CCF9EBE2B9A07B5003D5698 /* PBXContainerItemProxy */;
		};
/* End PBXTargetDependency section */

/* Begin PBXVariantGroup section */
		9CC18A4B2B812886009FE97C /* LaunchScreen.storyboard */ = {
			isa = PBXVariantGroup;
			children = (
				9CC18A4C2B812886009FE97C /* Base */,
			);
			name = LaunchScreen.storyboard;
			sourceTree = "<group>";
		};
/* End PBXVariantGroup section */

/* Begin XCBuildConfiguration section */
		9CC18A4F2B812886009FE97C /* Debug */ = {
			isa = XCBuildConfiguration;
			buildSettings = {
				ALWAYS_SEARCH_USER_PATHS = NO;
				CLANG_ANALYZER_NONNULL = YES;
				CLANG_ANALYZER_NUMBER_OBJECT_CONVERSION = YES_AGGRESSIVE;
				CLANG_CXX_LANGUAGE_STANDARD = "gnu++20";
				CLANG_ENABLE_MODULES = YES;
				CLANG_ENABLE_OBJC_ARC = YES;
				CLANG_ENABLE_OBJC_WEAK = YES;
				CLANG_WARN_BLOCK_CAPTURE_AUTORELEASING = YES;
				CLANG_WARN_BOOL_CONVERSION = YES;
				CLANG_WARN_COMMA = YES;
				CLANG_WARN_CONSTANT_CONVERSION = YES;
				CLANG_WARN_DEPRECATED_OBJC_IMPLEMENTATIONS = YES;
				CLANG_WARN_DIRECT_OBJC_ISA_USAGE = YES_ERROR;
				CLANG_WARN_DOCUMENTATION_COMMENTS = YES;
				CLANG_WARN_EMPTY_BODY = YES;
				CLANG_WARN_ENUM_CONVERSION = YES;
				CLANG_WARN_INFINITE_RECURSION = YES;
				CLANG_WARN_INT_CONVERSION = YES;
				CLANG_WARN_NON_LITERAL_NULL_CONVERSION = YES;
				CLANG_WARN_OBJC_IMPLICIT_RETAIN_SELF = YES;
				CLANG_WARN_OBJC_LITERAL_CONVERSION = YES;
				CLANG_WARN_OBJC_ROOT_CLASS = YES_ERROR;
				CLANG_WARN_QUOTED_INCLUDE_IN_FRAMEWORK_HEADER = YES;
				CLANG_WARN_RANGE_LOOP_ANALYSIS = YES;
				CLANG_WARN_STRICT_PROTOTYPES = YES;
				CLANG_WARN_SUSPICIOUS_MOVE = YES;
				CLANG_WARN_UNGUARDED_AVAILABILITY = YES_AGGRESSIVE;
				CLANG_WARN_UNREACHABLE_CODE = YES;
				CLANG_WARN__DUPLICATE_METHOD_MATCH = YES;
				COPY_PHASE_STRIP = NO;
				DEBUG_INFORMATION_FORMAT = dwarf;
				ENABLE_STRICT_OBJC_MSGSEND = YES;
				ENABLE_TESTABILITY = YES;
				GCC_C_LANGUAGE_STANDARD = gnu11;
				GCC_DYNAMIC_NO_PIC = NO;
				GCC_NO_COMMON_BLOCKS = YES;
				GCC_OPTIMIZATION_LEVEL = 0;
				GCC_PREPROCESSOR_DEFINITIONS = (
					"DEBUG=1",
					"$(inherited)",
				);
				GCC_WARN_64_TO_32_BIT_CONVERSION = YES;
				GCC_WARN_ABOUT_RETURN_TYPE = YES_ERROR;
				GCC_WARN_UNDECLARED_SELECTOR = YES;
				GCC_WARN_UNINITIALIZED_AUTOS = YES_AGGRESSIVE;
				GCC_WARN_UNUSED_FUNCTION = YES;
				GCC_WARN_UNUSED_VARIABLE = YES;
				IPHONEOS_DEPLOYMENT_TARGET = 12.0;
				MTL_ENABLE_DEBUG_INFO = INCLUDE_SOURCE;
				MTL_FAST_MATH = YES;
				ONLY_ACTIVE_ARCH = YES;
				SDKROOT = iphoneos;
				SWIFT_ACTIVE_COMPILATION_CONDITIONS = DEBUG;
				SWIFT_OPTIMIZATION_LEVEL = "-Onone";
			};
			name = Debug;
		};
		9CC18A502B812886009FE97C /* Release */ = {
			isa = XCBuildConfiguration;
			buildSettings = {
				ALWAYS_SEARCH_USER_PATHS = NO;
				CLANG_ANALYZER_NONNULL = YES;
				CLANG_ANALYZER_NUMBER_OBJECT_CONVERSION = YES_AGGRESSIVE;
				CLANG_CXX_LANGUAGE_STANDARD = "gnu++20";
				CLANG_ENABLE_MODULES = YES;
				CLANG_ENABLE_OBJC_ARC = YES;
				CLANG_ENABLE_OBJC_WEAK = YES;
				CLANG_WARN_BLOCK_CAPTURE_AUTORELEASING = YES;
				CLANG_WARN_BOOL_CONVERSION = YES;
				CLANG_WARN_COMMA = YES;
				CLANG_WARN_CONSTANT_CONVERSION = YES;
				CLANG_WARN_DEPRECATED_OBJC_IMPLEMENTATIONS = YES;
				CLANG_WARN_DIRECT_OBJC_ISA_USAGE = YES_ERROR;
				CLANG_WARN_DOCUMENTATION_COMMENTS = YES;
				CLANG_WARN_EMPTY_BODY = YES;
				CLANG_WARN_ENUM_CONVERSION = YES;
				CLANG_WARN_INFINITE_RECURSION = YES;
				CLANG_WARN_INT_CONVERSION = YES;
				CLANG_WARN_NON_LITERAL_NULL_CONVERSION = YES;
				CLANG_WARN_OBJC_IMPLICIT_RETAIN_SELF = YES;
				CLANG_WARN_OBJC_LITERAL_CONVERSION = YES;
				CLANG_WARN_OBJC_ROOT_CLASS = YES_ERROR;
				CLANG_WARN_QUOTED_INCLUDE_IN_FRAMEWORK_HEADER = YES;
				CLANG_WARN_RANGE_LOOP_ANALYSIS = YES;
				CLANG_WARN_STRICT_PROTOTYPES = YES;
				CLANG_WARN_SUSPICIOUS_MOVE = YES;
				CLANG_WARN_UNGUARDED_AVAILABILITY = YES_AGGRESSIVE;
				CLANG_WARN_UNREACHABLE_CODE = YES;
				CLANG_WARN__DUPLICATE_METHOD_MATCH = YES;
				COPY_PHASE_STRIP = NO;
				DEBUG_INFORMATION_FORMAT = "dwarf-with-dsym";
				ENABLE_NS_ASSERTIONS = NO;
				ENABLE_STRICT_OBJC_MSGSEND = YES;
				GCC_C_LANGUAGE_STANDARD = gnu11;
				GCC_NO_COMMON_BLOCKS = YES;
				GCC_WARN_64_TO_32_BIT_CONVERSION = YES;
				GCC_WARN_ABOUT_RETURN_TYPE = YES_ERROR;
				GCC_WARN_UNDECLARED_SELECTOR = YES;
				GCC_WARN_UNINITIALIZED_AUTOS = YES_AGGRESSIVE;
				GCC_WARN_UNUSED_FUNCTION = YES;
				GCC_WARN_UNUSED_VARIABLE = YES;
				IPHONEOS_DEPLOYMENT_TARGET = 12.0;
				MTL_ENABLE_DEBUG_INFO = NO;
				MTL_FAST_MATH = YES;
				SDKROOT = iphoneos;
				SWIFT_COMPILATION_MODE = wholemodule;
				SWIFT_OPTIMIZATION_LEVEL = "-O";
				VALIDATE_PRODUCT = YES;
			};
			name = Release;
		};
		9CC18A522B812886009FE97C /* Debug */ = {
			isa = XCBuildConfiguration;
			buildSettings = {
				ASSETCATALOG_COMPILER_APPICON_NAME = AppIcon;
				ASSETCATALOG_COMPILER_GLOBAL_ACCENT_COLOR_NAME = AccentColor;
				CODE_SIGN_STYLE = Automatic;
				CURRENT_PROJECT_VERSION = 1;
				GENERATE_INFOPLIST_FILE = YES;
				INFOPLIST_FILE = News/Info.plist;
				INFOPLIST_KEY_UIApplicationSupportsIndirectInputEvents = YES;
				INFOPLIST_KEY_UILaunchStoryboardName = LaunchScreen;
				INFOPLIST_KEY_UIMainStoryboardFile = Home;
				INFOPLIST_KEY_UISupportedInterfaceOrientations_iPad = "UIInterfaceOrientationPortrait UIInterfaceOrientationPortraitUpsideDown UIInterfaceOrientationLandscapeLeft UIInterfaceOrientationLandscapeRight";
				INFOPLIST_KEY_UISupportedInterfaceOrientations_iPhone = "UIInterfaceOrientationPortrait UIInterfaceOrientationLandscapeLeft UIInterfaceOrientationLandscapeRight";
				LD_RUNPATH_SEARCH_PATHS = (
					"$(inherited)",
					"@executable_path/Frameworks",
				);
				MARKETING_VERSION = 1.0;
				PRODUCT_BUNDLE_IDENTIFIER = com.Mahmud.News;
				PRODUCT_NAME = "$(TARGET_NAME)";
				SWIFT_EMIT_LOC_STRINGS = YES;
				SWIFT_VERSION = 5.0;
				TARGETED_DEVICE_FAMILY = "1,2";
			};
			name = Debug;
		};
		9CC18A532B812886009FE97C /* Release */ = {
			isa = XCBuildConfiguration;
			buildSettings = {
				ASSETCATALOG_COMPILER_APPICON_NAME = AppIcon;
				ASSETCATALOG_COMPILER_GLOBAL_ACCENT_COLOR_NAME = AccentColor;
				CODE_SIGN_STYLE = Automatic;
				CURRENT_PROJECT_VERSION = 1;
				GENERATE_INFOPLIST_FILE = YES;
				INFOPLIST_FILE = News/Info.plist;
				INFOPLIST_KEY_UIApplicationSupportsIndirectInputEvents = YES;
				INFOPLIST_KEY_UILaunchStoryboardName = LaunchScreen;
				INFOPLIST_KEY_UIMainStoryboardFile = Home;
				INFOPLIST_KEY_UISupportedInterfaceOrientations_iPad = "UIInterfaceOrientationPortrait UIInterfaceOrientationPortraitUpsideDown UIInterfaceOrientationLandscapeLeft UIInterfaceOrientationLandscapeRight";
				INFOPLIST_KEY_UISupportedInterfaceOrientations_iPhone = "UIInterfaceOrientationPortrait UIInterfaceOrientationLandscapeLeft UIInterfaceOrientationLandscapeRight";
				LD_RUNPATH_SEARCH_PATHS = (
					"$(inherited)",
					"@executable_path/Frameworks",
				);
				MARKETING_VERSION = 1.0;
				PRODUCT_BUNDLE_IDENTIFIER = com.Mahmud.News;
				PRODUCT_NAME = "$(TARGET_NAME)";
				SWIFT_EMIT_LOC_STRINGS = YES;
				SWIFT_VERSION = 5.0;
				TARGETED_DEVICE_FAMILY = "1,2";
			};
			name = Release;
		};
		9CCF9EC12B9A07B5003D5698 /* Debug */ = {
			isa = XCBuildConfiguration;
			buildSettings = {
				ASSETCATALOG_COMPILER_GENERATE_SWIFT_ASSET_SYMBOL_EXTENSIONS = YES;
				BUNDLE_LOADER = "$(TEST_HOST)";
				CODE_SIGN_STYLE = Automatic;
				CURRENT_PROJECT_VERSION = 1;
				ENABLE_USER_SCRIPT_SANDBOXING = YES;
				GCC_C_LANGUAGE_STANDARD = gnu17;
				GENERATE_INFOPLIST_FILE = YES;
				IPHONEOS_DEPLOYMENT_TARGET = 17.2;
				LOCALIZATION_PREFERS_STRING_CATALOGS = YES;
				MARKETING_VERSION = 1.0;
				PRODUCT_BUNDLE_IDENTIFIER = com.Mahmud.NewsTests;
				PRODUCT_NAME = "$(TARGET_NAME)";
				SWIFT_ACTIVE_COMPILATION_CONDITIONS = "DEBUG $(inherited)";
				SWIFT_EMIT_LOC_STRINGS = NO;
				SWIFT_VERSION = 5.0;
				TARGETED_DEVICE_FAMILY = "1,2";
				TEST_HOST = "$(BUILT_PRODUCTS_DIR)/News.app/$(BUNDLE_EXECUTABLE_FOLDER_PATH)/News";
			};
			name = Debug;
		};
		9CCF9EC22B9A07B5003D5698 /* Release */ = {
			isa = XCBuildConfiguration;
			buildSettings = {
				ASSETCATALOG_COMPILER_GENERATE_SWIFT_ASSET_SYMBOL_EXTENSIONS = YES;
				BUNDLE_LOADER = "$(TEST_HOST)";
				CODE_SIGN_STYLE = Automatic;
				CURRENT_PROJECT_VERSION = 1;
				ENABLE_USER_SCRIPT_SANDBOXING = YES;
				GCC_C_LANGUAGE_STANDARD = gnu17;
				GENERATE_INFOPLIST_FILE = YES;
				IPHONEOS_DEPLOYMENT_TARGET = 17.2;
				LOCALIZATION_PREFERS_STRING_CATALOGS = YES;
				MARKETING_VERSION = 1.0;
				PRODUCT_BUNDLE_IDENTIFIER = com.Mahmud.NewsTests;
				PRODUCT_NAME = "$(TARGET_NAME)";
				SWIFT_EMIT_LOC_STRINGS = NO;
				SWIFT_VERSION = 5.0;
				TARGETED_DEVICE_FAMILY = "1,2";
				TEST_HOST = "$(BUILT_PRODUCTS_DIR)/News.app/$(BUNDLE_EXECUTABLE_FOLDER_PATH)/News";
			};
			name = Release;
		};
/* End XCBuildConfiguration section */

/* Begin XCConfigurationList section */
		9CC18A382B812886009FE97C /* Build configuration list for PBXProject "News" */ = {
			isa = XCConfigurationList;
			buildConfigurations = (
				9CC18A4F2B812886009FE97C /* Debug */,
				9CC18A502B812886009FE97C /* Release */,
			);
			defaultConfigurationIsVisible = 0;
			defaultConfigurationName = Release;
		};
		9CC18A512B812886009FE97C /* Build configuration list for PBXNativeTarget "News" */ = {
			isa = XCConfigurationList;
			buildConfigurations = (
				9CC18A522B812886009FE97C /* Debug */,
				9CC18A532B812886009FE97C /* Release */,
			);
			defaultConfigurationIsVisible = 0;
			defaultConfigurationName = Release;
		};
		9CCF9EC02B9A07B5003D5698 /* Build configuration list for PBXNativeTarget "NewsTests" */ = {
			isa = XCConfigurationList;
			buildConfigurations = (
				9CCF9EC12B9A07B5003D5698 /* Debug */,
				9CCF9EC22B9A07B5003D5698 /* Release */,
			);
			defaultConfigurationIsVisible = 0;
			defaultConfigurationName = Release;
		};
/* End XCConfigurationList section */

/* Begin XCRemoteSwiftPackageReference section */
		9C99768D2B88B81000535D64 /* XCRemoteSwiftPackageReference "Kingfisher" */ = {
			isa = XCRemoteSwiftPackageReference;
			repositoryURL = "https://github.com/onevcat/Kingfisher.git";
			requirement = {
				kind = upToNextMajorVersion;
				minimumVersion = 7.0.0;
			};
		};
		9CC18A672B81717B009FE97C /* XCRemoteSwiftPackageReference "Alamofire" */ = {
			isa = XCRemoteSwiftPackageReference;
			repositoryURL = "https://github.com/Alamofire/Alamofire.git";
			requirement = {
				kind = upToNextMajorVersion;
				minimumVersion = 5.0.0;
			};
		};
/* End XCRemoteSwiftPackageReference section */

/* Begin XCSwiftPackageProductDependency section */
		9C99768E2B88B81000535D64 /* Kingfisher */ = {
			isa = XCSwiftPackageProductDependency;
			package = 9C99768D2B88B81000535D64 /* XCRemoteSwiftPackageReference "Kingfisher" */;
			productName = Kingfisher;
		};
		9CC18A682B81717B009FE97C /* Alamofire */ = {
			isa = XCSwiftPackageProductDependency;
			package = 9CC18A672B81717B009FE97C /* XCRemoteSwiftPackageReference "Alamofire" */;
			productName = Alamofire;
		};
/* End XCSwiftPackageProductDependency section */

/* Begin XCVersionGroup section */
		9C93E8832B8C9A2200F0EB65 /* Model.xcdatamodeld */ = {
			isa = XCVersionGroup;
			children = (
				9C93E8842B8C9A2200F0EB65 /* Model.xcdatamodel */,
			);
			currentVersion = 9C93E8842B8C9A2200F0EB65 /* Model.xcdatamodel */;
			path = Model.xcdatamodeld;
			sourceTree = "<group>";
			versionGroupType = wrapper.xcdatamodel;
		};
/* End XCVersionGroup section */
	};
	rootObject = 9CC18A352B812886009FE97C /* Project object */;
}
